<?xml version="1.0" encoding="utf-8"?>
<Project ToolsVersion="4.0" xmlns="http://schemas.microsoft.com/developer/msbuild/2003">
  <ItemGroup>
    <Filter Include="Archivos de origen">
      <UniqueIdentifier>{4FC737F1-C7A5-4376-A066-2A32D752A2FF}</UniqueIdentifier>
      <Extensions>cpp;c;cc;cxx;c++;cppm;ixx;def;odl;idl;hpj;bat;asm;asmx</Extensions>
    </Filter>
    <Filter Include="Archivos de encabezado">
      <UniqueIdentifier>{93995380-89BD-4b04-88EB-625FBE52EBFB}</UniqueIdentifier>
      <Extensions>h;hh;hpp;hxx;h++;hm;inl;inc;ipp;xsd</Extensions>
    </Filter>
    <Filter Include="Archivos de recursos">
      <UniqueIdentifier>{67DA6AB6-F800-4c08-8B7A-83BB121AAD01}</UniqueIdentifier>
      <Extensions>rc;ico;cur;bmp;dlg;rc2;rct;bin;rgs;gif;jpg;jpeg;jpe;resx;tiff;tif;png;wav;mfcribbon-ms</Extensions>
    </Filter>
  </ItemGroup>
  <ItemGroup>
    <ClCompile Include="..\..\glfw\src\glad.c">
      <Filter>Archivos de origen</Filter>
    </ClCompile>
    <ClCompile Include="Pueblo.cpp">
      <Filter>Archivos de origen</Filter>
    </ClCompile>
  </ItemGroup>
  <ItemGroup>
    <ClInclude Include="..\..\glfw\include\shader\shader.h">
      <Filter>Archivos de encabezado</Filter>
    </ClInclude>
    <ClInclude Include="..\..\glfw\include\camara\camara.h">
      <Filter>Archivos de encabezado</Filter>
    </ClInclude>
  </ItemGroup>
  <ItemGroup>
    <Image Include="cosa1.png">
      <Filter>Archivos de recursos</Filter>
    </Image>
    <Image Include="cosa2.jpg">
      <Filter>Archivos de recursos</Filter>
    </Image>
    <Image Include="Background.png">
      <Filter>Archivos de recursos</Filter>
    </Image>
    <Image Include="Alam.png">
      <Filter>Archivos de recursos</Filter>
    </Image>
    <Image Include="Bricks.png">
      <Filter>Archivos de recursos</Filter>
    </Image>
    <Image Include="Grass.jpg">
      <Filter>Archivos de origen</Filter>
    </Image>
    <Image Include="Wood.jpg">
      <Filter>Archivos de origen</Filter>
    </Image>
    <Image Include="Stone.jpg">
      <Filter>Archivos de origen</Filter>
    </Image>
    <Image Include="Wool.jpg">
      <Filter>Archivos de origen</Filter>
    </Image>
    <Image Include="WhiteWood.jpeg">
      <Filter>Archivos de origen</Filter>
    </Image>
    <Image Include="Wool2.jpg">
      <Filter>Archivos de origen</Filter>
    </Image>
    <Image Include="StoneGray.jpg">
      <Filter>Archivos de origen</Filter>
    </Image>
    <Image Include="Metal.png">
      <Filter>Archivos de origen</Filter>
    </Image>
    <Image Include="skybox\back.jpg">
      <Filter>Archivos de origen</Filter>
    </Image>
    <Image Include="skybox\bottom.jpg">
      <Filter>Archivos de origen</Filter>
    </Image>
    <Image Include="skybox\front.jpg">
      <Filter>Archivos de origen</Filter>
    </Image>
    <Image Include="skybox\left.jpg">
      <Filter>Archivos de origen</Filter>
    </Image>
    <Image Include="skybox\right.jpg">
      <Filter>Archivos de origen</Filter>
    </Image>
    <Image Include="skybox\top.jpg">
      <Filter>Archivos de origen</Filter>
    </Image>
    <Image Include="Dirt3.jpg">
      <Filter>Archivos de origen</Filter>
    </Image>
    <Image Include="WoodenWindow.jpg">
      <Filter>Archivos de origen</Filter>
    </Image>
    <Image Include="Wood3.jpg">
      <Filter>Archivos de origen</Filter>
    </Image>
    <Image Include="Wood2.jpg">
      <Filter>Archivos de origen</Filter>
    </Image>
    <Image Include="WantedSign.jpg">
      <Filter>Archivos de origen</Filter>
    </Image>
    <Image Include="Door1.jpg">
      <Filter>Archivos de origen</Filter>
    </Image>
    <Image Include="OldMetal.jpg">
      <Filter>Archivos de origen</Filter>
    </Image>
    <Image Include="Wood4.jpg">
      <Filter>Archivos de origen</Filter>
    </Image>
    <Image Include="Dirt2.jpg">
      <Filter>Archivos de origen</Filter>
    </Image>
    <Image Include="Wood5.jpg">
      <Filter>Archivos de origen</Filter>
    </Image>
  </ItemGroup>
  <ItemGroup>
    <None Include="Cubo.vs">
      <Filter>Archivos de origen</Filter>
    </None>
    <None Include="Cubo.fs">
      <Filter>Archivos de origen</Filter>
    </None>
    <None Include="Luz.vs">
      <Filter>Archivos de origen</Filter>
    </None>
    <None Include="Luz.fs">
      <Filter>Archivos de origen</Filter>
    </None>
    <None Include="Texturas.fs">
      <Filter>Archivos de origen</Filter>
    </None>
    <None Include="Texturas.vs">
      <Filter>Archivos de origen</Filter>
    </None>
    <None Include="Vertex2.fs">
      <Filter>Archivos de origen</Filter>
    </None>
    <None Include="Vertex2.vs">
      <Filter>Archivos de origen</Filter>
    </None>
    <None Include="Skybox.vs">
      <Filter>Archivos de origen</Filter>
    </None>
    <None Include="Skybox.fs">
      <Filter>Archivos de origen</Filter>
    </None>
  </ItemGroup>
</Project>